
Microsoft Visual Studio Solution File, Format Version 12.00
# Visual Studio Version 17
VisualStudioVersion = 17.14.36327.8
MinimumVisualStudioVersion = 10.0.40219.1
Project("{8BC9CEB8-8B4A-11D0-8D11-00A0C91BC942}") = "ILayoutExample", "ILayoutExample\ILayoutExample.vcxproj", "{052282CF-C0F6-4882-A29A-48C257F9768C}"
EndProject
Project("{FAE04EC0-301F-11D3-BF4B-00C04F79EFBC}") = "ILayoutExampleCS", "ILayoutExampleCS\ILayoutExampleCS.csproj", "{A0833074-70C7-4231-B0C6-19A4DFDC3F15}"
EndProject
Global
	GlobalSection(SolutionConfigurationPlatforms) = preSolution
		Debug|Any CPU = Debug|Any CPU
		Debug|x64 = Debug|x64
		Debug|x86 = Debug|x86
		Release|Any CPU = Release|Any CPU
		Release|x64 = Release|x64
		Release|x86 = Release|x86
	EndGlobalSection
	GlobalSection(ProjectConfigurationPlatforms) = postSolution
		{052282CF-C0F6-4882-A29A-48C257F9768C}.Debug|Any CPU.ActiveCfg = Debug|x64
		{052282CF-C0F6-4882-A29A-48C257F9768C}.Debug|Any CPU.Build.0 = Debug|x64
		{052282CF-C0F6-4882-A29A-48C257F9768C}.Debug|x64.ActiveCfg = Debug|x64
		{052282CF-C0F6-4882-A29A-48C257F9768C}.Debug|x64.Build.0 = Debug|x64
		{052282CF-C0F6-4882-A29A-48C257F9768C}.Debug|x86.ActiveCfg = Debug|Win32
		{052282CF-C0F6-4882-A29A-48C257F9768C}.Debug|x86.Build.0 = Debug|Win32
		{052282CF-C0F6-4882-A29A-48C257F9768C}.Release|Any CPU.ActiveCfg = Release|x64
		{052282CF-C0F6-4882-A29A-48C257F9768C}.Release|Any CPU.Build.0 = Release|x64
		{052282CF-C0F6-4882-A29A-48C257F9768C}.Release|x64.ActiveCfg = Release|x64
		{052282CF-C0F6-4882-A29A-48C257F9768C}.Release|x64.Build.0 = Release|x64
		{052282CF-C0F6-4882-A29A-48C257F9768C}.Release|x86.ActiveCfg = Release|Win32
		{052282CF-C0F6-4882-A29A-48C257F9768C}.Release|x86.Build.0 = Release|Win32
		{A0833074-70C7-4231-B0C6-19A4DFDC3F15}.Debug|Any CPU.ActiveCfg = Debug|Any CPU
		{A0833074-70C7-4231-B0C6-19A4DFDC3F15}.Debug|Any CPU.Build.0 = Debug|Any CPU
		{A0833074-70C7-4231-B0C6-19A4DFDC3F15}.Debug|x64.ActiveCfg = Debug|Any CPU
		{A0833074-70C7-4231-B0C6-19A4DFDC3F15}.Debug|x64.Build.0 = Debug|Any CPU
		{A0833074-70C7-4231-B0C6-19A4DFDC3F15}.Debug|x86.ActiveCfg = Debug|Any CPU
		{A0833074-70C7-4231-B0C6-19A4DFDC3F15}.Debug|x86.Build.0 = Debug|Any CPU
		{A0833074-70C7-4231-B0C6-19A4DFDC3F15}.Release|Any CPU.ActiveCfg = Release|Any CPU
		{A0833074-70C7-4231-B0C6-19A4DFDC3F15}.Release|Any CPU.Build.0 = Release|Any CPU
		{A0833074-70C7-4231-B0C6-19A4DFDC3F15}.Release|x64.ActiveCfg = Release|Any CPU
		{A0833074-70C7-4231-B0C6-19A4DFDC3F15}.Release|x64.Build.0 = Release|Any CPU
		{A0833074-70C7-4231-B0C6-19A4DFDC3F15}.Release|x86.ActiveCfg = Release|Any CPU
		{A0833074-70C7-4231-B0C6-19A4DFDC3F15}.Release|x86.Build.0 = Release|Any CPU
	EndGlobalSection
	GlobalSection(SolutionProperties) = preSolution
		HideSolutionNode = FALSE
	EndGlobalSection
	GlobalSection(ExtensibilityGlobals) = postSolution
		SolutionGuid = {22D3226D-52CB-4802-B5A6-B1A89D9321A9}
	EndGlobalSection
EndGlobal
