
Microsoft Visual Studio Solution File, Format Version 12.00
# Visual Studio Version 17
VisualStudioVersion = 17.14.36327.8
MinimumVisualStudioVersion = 10.0.40219.1
Project("{8BC9CEB8-8B4A-11D0-8D11-00A0C91BC942}") = "CreateShapes", "CreateShapes\CreateShapes.vcxproj", "{0176142E-A9A9-4FA8-A238-B253D10EE9B0}"
EndProject
Project("{FAE04EC0-301F-11D3-BF4B-00C04F79EFBC}") = "CreateShapesCS", "CreateShapesCS\CreateShapesCS.csproj", "{7FDBCAE3-7FFD-43AD-BA29-EB91455D381A}"
EndProject
Global
	GlobalSection(SolutionConfigurationPlatforms) = preSolution
		Debug|Any CPU = Debug|Any CPU
		Debug|x64 = Debug|x64
		Debug|x86 = Debug|x86
		Release|Any CPU = Release|Any CPU
		Release|x64 = Release|x64
		Release|x86 = Release|x86
	EndGlobalSection
	GlobalSection(ProjectConfigurationPlatforms) = postSolution
		{0176142E-A9A9-4FA8-A238-B253D10EE9B0}.Debug|Any CPU.ActiveCfg = Debug|x64
		{0176142E-A9A9-4FA8-A238-B253D10EE9B0}.Debug|Any CPU.Build.0 = Debug|x64
		{0176142E-A9A9-4FA8-A238-B253D10EE9B0}.Debug|x64.ActiveCfg = Debug|x64
		{0176142E-A9A9-4FA8-A238-B253D10EE9B0}.Debug|x64.Build.0 = Debug|x64
		{0176142E-A9A9-4FA8-A238-B253D10EE9B0}.Debug|x86.ActiveCfg = Debug|Win32
		{0176142E-A9A9-4FA8-A238-B253D10EE9B0}.Debug|x86.Build.0 = Debug|Win32
		{0176142E-A9A9-4FA8-A238-B253D10EE9B0}.Release|Any CPU.ActiveCfg = Release|x64
		{0176142E-A9A9-4FA8-A238-B253D10EE9B0}.Release|Any CPU.Build.0 = Release|x64
		{0176142E-A9A9-4FA8-A238-B253D10EE9B0}.Release|x64.ActiveCfg = Release|x64
		{0176142E-A9A9-4FA8-A238-B253D10EE9B0}.Release|x64.Build.0 = Release|x64
		{0176142E-A9A9-4FA8-A238-B253D10EE9B0}.Release|x86.ActiveCfg = Release|Win32
		{0176142E-A9A9-4FA8-A238-B253D10EE9B0}.Release|x86.Build.0 = Release|Win32
		{7FDBCAE3-7FFD-43AD-BA29-EB91455D381A}.Debug|Any CPU.ActiveCfg = Debug|Any CPU
		{7FDBCAE3-7FFD-43AD-BA29-EB91455D381A}.Debug|Any CPU.Build.0 = Debug|Any CPU
		{7FDBCAE3-7FFD-43AD-BA29-EB91455D381A}.Debug|x64.ActiveCfg = Debug|Any CPU
		{7FDBCAE3-7FFD-43AD-BA29-EB91455D381A}.Debug|x64.Build.0 = Debug|Any CPU
		{7FDBCAE3-7FFD-43AD-BA29-EB91455D381A}.Debug|x86.ActiveCfg = Debug|Any CPU
		{7FDBCAE3-7FFD-43AD-BA29-EB91455D381A}.Debug|x86.Build.0 = Debug|Any CPU
		{7FDBCAE3-7FFD-43AD-BA29-EB91455D381A}.Release|Any CPU.ActiveCfg = Release|Any CPU
		{7FDBCAE3-7FFD-43AD-BA29-EB91455D381A}.Release|Any CPU.Build.0 = Release|Any CPU
		{7FDBCAE3-7FFD-43AD-BA29-EB91455D381A}.Release|x64.ActiveCfg = Release|Any CPU
		{7FDBCAE3-7FFD-43AD-BA29-EB91455D381A}.Release|x64.Build.0 = Release|Any CPU
		{7FDBCAE3-7FFD-43AD-BA29-EB91455D381A}.Release|x86.ActiveCfg = Release|Any CPU
		{7FDBCAE3-7FFD-43AD-BA29-EB91455D381A}.Release|x86.Build.0 = Release|Any CPU
	EndGlobalSection
	GlobalSection(SolutionProperties) = preSolution
		HideSolutionNode = FALSE
	EndGlobalSection
	GlobalSection(ExtensibilityGlobals) = postSolution
		SolutionGuid = {57B95298-EF4B-4C01-B61F-F7440A8C3D53}
	EndGlobalSection
EndGlobal
