
Microsoft Visual Studio Solution File, Format Version 12.00
# Visual Studio Version 17
VisualStudioVersion = 17.14.36327.8
MinimumVisualStudioVersion = 10.0.40219.1
Project("{8BC9CEB8-8B4A-11D0-8D11-00A0C91BC942}") = "CustomTextTransform", "CustomTextTransform\CustomTextTransform.vcxproj", "{ED43B194-A0EF-445D-BBF2-D484E39AE7DB}"
EndProject
Project("{FAE04EC0-301F-11D3-BF4B-00C04F79EFBC}") = "CustomTextTransformCS", "CustomTextTransformCS\CustomTextTransformCS.csproj", "{AD147530-D8B0-4870-955A-50A73194D01B}"
EndProject
Global
	GlobalSection(SolutionConfigurationPlatforms) = preSolution
		Debug|Any CPU = Debug|Any CPU
		Debug|x64 = Debug|x64
		Debug|x86 = Debug|x86
		Release|Any CPU = Release|Any CPU
		Release|x64 = Release|x64
		Release|x86 = Release|x86
	EndGlobalSection
	GlobalSection(ProjectConfigurationPlatforms) = postSolution
		{ED43B194-A0EF-445D-BBF2-D484E39AE7DB}.Debug|Any CPU.ActiveCfg = Debug|x64
		{ED43B194-A0EF-445D-BBF2-D484E39AE7DB}.Debug|Any CPU.Build.0 = Debug|x64
		{ED43B194-A0EF-445D-BBF2-D484E39AE7DB}.Debug|x64.ActiveCfg = Debug|x64
		{ED43B194-A0EF-445D-BBF2-D484E39AE7DB}.Debug|x64.Build.0 = Debug|x64
		{ED43B194-A0EF-445D-BBF2-D484E39AE7DB}.Debug|x86.ActiveCfg = Debug|Win32
		{ED43B194-A0EF-445D-BBF2-D484E39AE7DB}.Debug|x86.Build.0 = Debug|Win32
		{ED43B194-A0EF-445D-BBF2-D484E39AE7DB}.Release|Any CPU.ActiveCfg = Release|x64
		{ED43B194-A0EF-445D-BBF2-D484E39AE7DB}.Release|Any CPU.Build.0 = Release|x64
		{ED43B194-A0EF-445D-BBF2-D484E39AE7DB}.Release|x64.ActiveCfg = Release|x64
		{ED43B194-A0EF-445D-BBF2-D484E39AE7DB}.Release|x64.Build.0 = Release|x64
		{ED43B194-A0EF-445D-BBF2-D484E39AE7DB}.Release|x86.ActiveCfg = Release|Win32
		{ED43B194-A0EF-445D-BBF2-D484E39AE7DB}.Release|x86.Build.0 = Release|Win32
		{AD147530-D8B0-4870-955A-50A73194D01B}.Debug|Any CPU.ActiveCfg = Debug|Any CPU
		{AD147530-D8B0-4870-955A-50A73194D01B}.Debug|Any CPU.Build.0 = Debug|Any CPU
		{AD147530-D8B0-4870-955A-50A73194D01B}.Debug|x64.ActiveCfg = Debug|Any CPU
		{AD147530-D8B0-4870-955A-50A73194D01B}.Debug|x64.Build.0 = Debug|Any CPU
		{AD147530-D8B0-4870-955A-50A73194D01B}.Debug|x86.ActiveCfg = Debug|Any CPU
		{AD147530-D8B0-4870-955A-50A73194D01B}.Debug|x86.Build.0 = Debug|Any CPU
		{AD147530-D8B0-4870-955A-50A73194D01B}.Release|Any CPU.ActiveCfg = Release|Any CPU
		{AD147530-D8B0-4870-955A-50A73194D01B}.Release|Any CPU.Build.0 = Release|Any CPU
		{AD147530-D8B0-4870-955A-50A73194D01B}.Release|x64.ActiveCfg = Release|Any CPU
		{AD147530-D8B0-4870-955A-50A73194D01B}.Release|x64.Build.0 = Release|Any CPU
		{AD147530-D8B0-4870-955A-50A73194D01B}.Release|x86.ActiveCfg = Release|Any CPU
		{AD147530-D8B0-4870-955A-50A73194D01B}.Release|x86.Build.0 = Release|Any CPU
	EndGlobalSection
	GlobalSection(SolutionProperties) = preSolution
		HideSolutionNode = FALSE
	EndGlobalSection
	GlobalSection(ExtensibilityGlobals) = postSolution
		SolutionGuid = {63B35769-2779-4430-8B4A-096760CA366A}
	EndGlobalSection
EndGlobal
