
Microsoft Visual Studio Solution File, Format Version 12.00
# Visual Studio Version 17
VisualStudioVersion = 17.14.36327.8
MinimumVisualStudioVersion = 10.0.40219.1
Project("{8BC9CEB8-8B4A-11D0-8D11-00A0C91BC942}") = "GetPartialImage", "GetPartialImage\GetPartialImage.vcxproj", "{6CCBBEF7-1366-403D-8411-68603F1B8B9A}"
EndProject
Project("{FAE04EC0-301F-11D3-BF4B-00C04F79EFBC}") = "GetPartialImageCS", "GetPartialImageCS\GetPartialImageCS.csproj", "{989CC90A-59E8-4E65-9E4B-8BFBB317D899}"
EndProject
Global
	GlobalSection(SolutionConfigurationPlatforms) = preSolution
		Debug|Any CPU = Debug|Any CPU
		Debug|x64 = Debug|x64
		Debug|x86 = Debug|x86
		Release|Any CPU = Release|Any CPU
		Release|x64 = Release|x64
		Release|x86 = Release|x86
	EndGlobalSection
	GlobalSection(ProjectConfigurationPlatforms) = postSolution
		{6CCBBEF7-1366-403D-8411-68603F1B8B9A}.Debug|Any CPU.ActiveCfg = Debug|x64
		{6CCBBEF7-1366-403D-8411-68603F1B8B9A}.Debug|Any CPU.Build.0 = Debug|x64
		{6CCBBEF7-1366-403D-8411-68603F1B8B9A}.Debug|x64.ActiveCfg = Debug|x64
		{6CCBBEF7-1366-403D-8411-68603F1B8B9A}.Debug|x64.Build.0 = Debug|x64
		{6CCBBEF7-1366-403D-8411-68603F1B8B9A}.Debug|x86.ActiveCfg = Debug|Win32
		{6CCBBEF7-1366-403D-8411-68603F1B8B9A}.Debug|x86.Build.0 = Debug|Win32
		{6CCBBEF7-1366-403D-8411-68603F1B8B9A}.Release|Any CPU.ActiveCfg = Release|x64
		{6CCBBEF7-1366-403D-8411-68603F1B8B9A}.Release|Any CPU.Build.0 = Release|x64
		{6CCBBEF7-1366-403D-8411-68603F1B8B9A}.Release|x64.ActiveCfg = Release|x64
		{6CCBBEF7-1366-403D-8411-68603F1B8B9A}.Release|x64.Build.0 = Release|x64
		{6CCBBEF7-1366-403D-8411-68603F1B8B9A}.Release|x86.ActiveCfg = Release|Win32
		{6CCBBEF7-1366-403D-8411-68603F1B8B9A}.Release|x86.Build.0 = Release|Win32
		{989CC90A-59E8-4E65-9E4B-8BFBB317D899}.Debug|Any CPU.ActiveCfg = Debug|Any CPU
		{989CC90A-59E8-4E65-9E4B-8BFBB317D899}.Debug|Any CPU.Build.0 = Debug|Any CPU
		{989CC90A-59E8-4E65-9E4B-8BFBB317D899}.Debug|x64.ActiveCfg = Debug|Any CPU
		{989CC90A-59E8-4E65-9E4B-8BFBB317D899}.Debug|x64.Build.0 = Debug|Any CPU
		{989CC90A-59E8-4E65-9E4B-8BFBB317D899}.Debug|x86.ActiveCfg = Debug|Any CPU
		{989CC90A-59E8-4E65-9E4B-8BFBB317D899}.Debug|x86.Build.0 = Debug|Any CPU
		{989CC90A-59E8-4E65-9E4B-8BFBB317D899}.Release|Any CPU.ActiveCfg = Release|Any CPU
		{989CC90A-59E8-4E65-9E4B-8BFBB317D899}.Release|Any CPU.Build.0 = Release|Any CPU
		{989CC90A-59E8-4E65-9E4B-8BFBB317D899}.Release|x64.ActiveCfg = Release|Any CPU
		{989CC90A-59E8-4E65-9E4B-8BFBB317D899}.Release|x64.Build.0 = Release|Any CPU
		{989CC90A-59E8-4E65-9E4B-8BFBB317D899}.Release|x86.ActiveCfg = Release|Any CPU
		{989CC90A-59E8-4E65-9E4B-8BFBB317D899}.Release|x86.Build.0 = Release|Any CPU
	EndGlobalSection
	GlobalSection(SolutionProperties) = preSolution
		HideSolutionNode = FALSE
	EndGlobalSection
	GlobalSection(ExtensibilityGlobals) = postSolution
		SolutionGuid = {83EB9CA3-4CBA-4857-A180-D52612AEA84A}
	EndGlobalSection
EndGlobal
