
Microsoft Visual Studio Solution File, Format Version 12.00
# Visual Studio Version 17
VisualStudioVersion = 17.14.36327.8
MinimumVisualStudioVersion = 10.0.40219.1
Project("{8BC9CEB8-8B4A-11D0-8D11-00A0C91BC942}") = "SaveWithOutputIntent", "SaveWithOutputIntent\SaveWithOutputIntent.vcxproj", "{45FA2321-1006-4EE8-9B96-519CDB468EDA}"
EndProject
Project("{FAE04EC0-301F-11D3-BF4B-00C04F79EFBC}") = "SaveWithOutputIntentCS", "SaveWithOutputIntentCS\SaveWithOutputIntentCS.csproj", "{AB4A4589-9CCB-4C8F-965A-EFFDFD2A6596}"
EndProject
Global
	GlobalSection(SolutionConfigurationPlatforms) = preSolution
		Debug|Any CPU = Debug|Any CPU
		Debug|x64 = Debug|x64
		Debug|x86 = Debug|x86
		Release|Any CPU = Release|Any CPU
		Release|x64 = Release|x64
		Release|x86 = Release|x86
	EndGlobalSection
	GlobalSection(ProjectConfigurationPlatforms) = postSolution
		{45FA2321-1006-4EE8-9B96-519CDB468EDA}.Debug|Any CPU.ActiveCfg = Debug|x64
		{45FA2321-1006-4EE8-9B96-519CDB468EDA}.Debug|Any CPU.Build.0 = Debug|x64
		{45FA2321-1006-4EE8-9B96-519CDB468EDA}.Debug|x64.ActiveCfg = Debug|x64
		{45FA2321-1006-4EE8-9B96-519CDB468EDA}.Debug|x64.Build.0 = Debug|x64
		{45FA2321-1006-4EE8-9B96-519CDB468EDA}.Debug|x86.ActiveCfg = Debug|Win32
		{45FA2321-1006-4EE8-9B96-519CDB468EDA}.Debug|x86.Build.0 = Debug|Win32
		{45FA2321-1006-4EE8-9B96-519CDB468EDA}.Release|Any CPU.ActiveCfg = Release|x64
		{45FA2321-1006-4EE8-9B96-519CDB468EDA}.Release|Any CPU.Build.0 = Release|x64
		{45FA2321-1006-4EE8-9B96-519CDB468EDA}.Release|x64.ActiveCfg = Release|x64
		{45FA2321-1006-4EE8-9B96-519CDB468EDA}.Release|x64.Build.0 = Release|x64
		{45FA2321-1006-4EE8-9B96-519CDB468EDA}.Release|x86.ActiveCfg = Release|Win32
		{45FA2321-1006-4EE8-9B96-519CDB468EDA}.Release|x86.Build.0 = Release|Win32
		{AB4A4589-9CCB-4C8F-965A-EFFDFD2A6596}.Debug|Any CPU.ActiveCfg = Debug|Any CPU
		{AB4A4589-9CCB-4C8F-965A-EFFDFD2A6596}.Debug|Any CPU.Build.0 = Debug|Any CPU
		{AB4A4589-9CCB-4C8F-965A-EFFDFD2A6596}.Debug|x64.ActiveCfg = Debug|Any CPU
		{AB4A4589-9CCB-4C8F-965A-EFFDFD2A6596}.Debug|x64.Build.0 = Debug|Any CPU
		{AB4A4589-9CCB-4C8F-965A-EFFDFD2A6596}.Debug|x86.ActiveCfg = Debug|Any CPU
		{AB4A4589-9CCB-4C8F-965A-EFFDFD2A6596}.Debug|x86.Build.0 = Debug|Any CPU
		{AB4A4589-9CCB-4C8F-965A-EFFDFD2A6596}.Release|Any CPU.ActiveCfg = Release|Any CPU
		{AB4A4589-9CCB-4C8F-965A-EFFDFD2A6596}.Release|Any CPU.Build.0 = Release|Any CPU
		{AB4A4589-9CCB-4C8F-965A-EFFDFD2A6596}.Release|x64.ActiveCfg = Release|Any CPU
		{AB4A4589-9CCB-4C8F-965A-EFFDFD2A6596}.Release|x64.Build.0 = Release|Any CPU
		{AB4A4589-9CCB-4C8F-965A-EFFDFD2A6596}.Release|x86.ActiveCfg = Release|Any CPU
		{AB4A4589-9CCB-4C8F-965A-EFFDFD2A6596}.Release|x86.Build.0 = Release|Any CPU
	EndGlobalSection
	GlobalSection(SolutionProperties) = preSolution
		HideSolutionNode = FALSE
	EndGlobalSection
	GlobalSection(ExtensibilityGlobals) = postSolution
		SolutionGuid = {1CCD1D6B-67B7-443A-8F4B-8705F32B2DC1}
	EndGlobalSection
EndGlobal
